{
    "version": 3,
    "terraform_version": "0.9.5",
    "serial": 17,
    "lineage": "9e2db96d-cc2e-4654-b719-27757775609b",
    "modules": [
        {
            "path": [
                "root"
            ],
            "outputs": {},
            "resources": {},
            "depends_on": []
        },
        {
            "path": [
                "root",
                "vpc-east"
            ],
            "outputs": {
                "vpc-id": {
                    "sensitive": false,
                    "type": "string",
                    "value": "vpc-baaa35d3"
                },
                "vpc-network-address": {
                    "sensitive": false,
                    "type": "string",
                    "value": "10.100.0.0/16"
                }
            },
            "resources": {
                "aws_vpc.vpc": {
                    "type": "aws_vpc",
                    "depends_on": [],
                    "primary": {
                        "id": "vpc-baaa35d3",
                        "attributes": {
                            "assign_generated_ipv6_cidr_block": "false",
                            "cidr_block": "10.100.0.0/16",
                            "default_network_acl_id": "acl-ca0d6ba3",
                            "default_route_table_id": "rtb-b4b2d0dd",
                            "default_security_group_id": "sg-1e92c877",
                            "dhcp_options_id": "dopt-505ee339",
                            "enable_dns_hostnames": "true",
                            "enable_dns_support": "true",
                            "id": "vpc-baaa35d3",
                            "instance_tenancy": "default",
                            "main_route_table_id": "rtb-b4b2d0dd",
                            "tags.%": "2",
                            "tags.Name": "VPC-EAST",
                            "tags.Terraform": "true"
                        },
                        "meta": {
                            "schema_version": "1"
                        },
                        "tainted": false
                    },
                    "deposed": [],
                    "provider": ""
                }
            },
            "depends_on": []
        },
        {
            "path": [
                "root",
                "vpc-east-subnets"
            ],
            "outputs": {},
            "resources": {
                "aws_subnet.Priv1.0": {
                    "type": "aws_subnet",
                    "depends_on": [
                        "data.aws_availability_zones.available-azs"
                    ],
                    "primary": {
                        "id": "subnet-67ff9d0e",
                        "attributes": {
                            "assign_ipv6_address_on_creation": "false",
                            "availability_zone": "us-east-2a",
                            "cidr_block": "10.100.0.0/19",
                            "id": "subnet-67ff9d0e",
                            "map_public_ip_on_launch": "false",
                            "tags.%": "2",
                            "tags.Name": "Priv1-0",
                            "tags.Terraform": "true",
                            "vpc_id": "vpc-baaa35d3"
                        },
                        "meta": {
                            "schema_version": "1"
                        },
                        "tainted": false
                    },
                    "deposed": [],
                    "provider": ""
                },
                "aws_subnet.Priv1.1": {
                    "type": "aws_subnet",
                    "depends_on": [
                        "data.aws_availability_zones.available-azs"
                    ],
                    "primary": {
                        "id": "subnet-eed07a95",
                        "attributes": {
                            "assign_ipv6_address_on_creation": "false",
                            "availability_zone": "us-east-2b",
                            "cidr_block": "10.100.32.0/19",
                            "id": "subnet-eed07a95",
                            "map_public_ip_on_launch": "false",
                            "tags.%": "2",
                            "tags.Name": "Priv1-1",
                            "tags.Terraform": "true",
                            "vpc_id": "vpc-baaa35d3"
                        },
                        "meta": {
                            "schema_version": "1"
                        },
                        "tainted": false
                    },
                    "deposed": [],
                    "provider": ""
                },
                "aws_subnet.Priv1.2": {
                    "type": "aws_subnet",
                    "depends_on": [
                        "data.aws_availability_zones.available-azs"
                    ],
                    "primary": {
                        "id": "subnet-af8743e2",
                        "attributes": {
                            "assign_ipv6_address_on_creation": "false",
                            "availability_zone": "us-east-2c",
                            "cidr_block": "10.100.64.0/19",
                            "id": "subnet-af8743e2",
                            "map_public_ip_on_launch": "false",
                            "tags.%": "2",
                            "tags.Name": "Priv1-2",
                            "tags.Terraform": "true",
                            "vpc_id": "vpc-baaa35d3"
                        },
                        "meta": {
                            "schema_version": "1"
                        },
                        "tainted": false
                    },
                    "deposed": [],
                    "provider": ""
                },
                "aws_subnet.Priv2.0": {
                    "type": "aws_subnet",
                    "depends_on": [
                        "data.aws_availability_zones.available-azs"
                    ],
                    "primary": {
                        "id": "subnet-b9c0a2d0",
                        "attributes": {
                            "assign_ipv6_address_on_creation": "false",
                            "availability_zone": "us-east-2a",
                            "cidr_block": "10.100.192.0/21",
                            "id": "subnet-b9c0a2d0",
                            "map_public_ip_on_launch": "false",
                            "tags.%": "2",
                            "tags.Name": "Priv2-0",
                            "tags.Terraform": "true",
                            "vpc_id": "vpc-baaa35d3"
                        },
                        "meta": {
                            "schema_version": "1"
                        },
                        "tainted": false
                    },
                    "deposed": [],
                    "provider": ""
                },
                "aws_subnet.Priv2.1": {
                    "type": "aws_subnet",
                    "depends_on": [
                        "data.aws_availability_zones.available-azs"
                    ],
                    "primary": {
                        "id": "subnet-7aaa0001",
                        "attributes": {
                            "assign_ipv6_address_on_creation": "false",
                            "availability_zone": "us-east-2b",
                            "cidr_block": "10.100.200.0/21",
                            "id": "subnet-7aaa0001",
                            "map_public_ip_on_launch": "false",
                            "tags.%": "2",
                            "tags.Name": "Priv2-1",
                            "tags.Terraform": "true",
                            "vpc_id": "vpc-baaa35d3"
                        },
                        "meta": {
                            "schema_version": "1"
                        },
                        "tainted": false
                    },
                    "deposed": [],
                    "provider": ""
                },
                "aws_subnet.Priv2.2": {
                    "type": "aws_subnet",
                    "depends_on": [
                        "data.aws_availability_zones.available-azs"
                    ],
                    "primary": {
                        "id": "subnet-998c48d4",
                        "attributes": {
                            "assign_ipv6_address_on_creation": "false",
                            "availability_zone": "us-east-2c",
                            "cidr_block": "10.100.208.0/21",
                            "id": "subnet-998c48d4",
                            "map_public_ip_on_launch": "false",
                            "tags.%": "2",
                            "tags.Name": "Priv2-2",
                            "tags.Terraform": "true",
                            "vpc_id": "vpc-baaa35d3"
                        },
                        "meta": {
                            "schema_version": "1"
                        },
                        "tainted": false
                    },
                    "deposed": [],
                    "provider": ""
                },
                "aws_subnet.Pub.0": {
                    "type": "aws_subnet",
                    "depends_on": [
                        "data.aws_availability_zones.available-azs"
                    ],
                    "primary": {
                        "id": "subnet-e2c2a08b",
                        "attributes": {
                            "assign_ipv6_address_on_creation": "false",
                            "availability_zone": "us-east-2a",
                            "cidr_block": "10.100.128.0/20",
                            "id": "subnet-e2c2a08b",
                            "map_public_ip_on_launch": "true",
                            "tags.%": "2",
                            "tags.Name": "Pub-0",
                            "tags.Terraform": "true",
                            "vpc_id": "vpc-baaa35d3"
                        },
                        "meta": {
                            "schema_version": "1"
                        },
                        "tainted": false
                    },
                    "deposed": [],
                    "provider": ""
                },
                "aws_subnet.Pub.1": {
                    "type": "aws_subnet",
                    "depends_on": [
                        "data.aws_availability_zones.available-azs"
                    ],
                    "primary": {
                        "id": "subnet-46d77d3d",
                        "attributes": {
                            "assign_ipv6_address_on_creation": "false",
                            "availability_zone": "us-east-2b",
                            "cidr_block": "10.100.144.0/20",
                            "id": "subnet-46d77d3d",
                            "map_public_ip_on_launch": "true",
                            "tags.%": "2",
                            "tags.Name": "Pub-1",
                            "tags.Terraform": "true",
                            "vpc_id": "vpc-baaa35d3"
                        },
                        "meta": {
                            "schema_version": "1"
                        },
                        "tainted": false
                    },
                    "deposed": [],
                    "provider": ""
                },
                "aws_subnet.Pub.2": {
                    "type": "aws_subnet",
                    "depends_on": [
                        "data.aws_availability_zones.available-azs"
                    ],
                    "primary": {
                        "id": "subnet-dc824691",
                        "attributes": {
                            "assign_ipv6_address_on_creation": "false",
                            "availability_zone": "us-east-2c",
                            "cidr_block": "10.100.160.0/20",
                            "id": "subnet-dc824691",
                            "map_public_ip_on_launch": "true",
                            "tags.%": "2",
                            "tags.Name": "Pub-2",
                            "tags.Terraform": "true",
                            "vpc_id": "vpc-baaa35d3"
                        },
                        "meta": {
                            "schema_version": "1"
                        },
                        "tainted": false
                    },
                    "deposed": [],
                    "provider": ""
                },
                "data.aws_availability_zones.available-azs": {
                    "type": "aws_availability_zones",
                    "depends_on": [],
                    "primary": {
                        "id": "2017-05-19 16:16:38.004027496 +0000 UTC",
                        "attributes": {
                            "id": "2017-05-19 16:16:38.004027496 +0000 UTC",
                            "names.#": "3",
                            "names.0": "us-east-2a",
                            "names.1": "us-east-2b",
                            "names.2": "us-east-2c"
                        },
                        "meta": {},
                        "tainted": false
                    },
                    "deposed": [],
                    "provider": ""
                }
            },
            "depends_on": []
        },
        {
            "path": [
                "root",
                "vpc-west"
            ],
            "outputs": {
                "vpc-id": {
                    "sensitive": false,
                    "type": "string",
                    "value": "vpc-11434b76"
                },
                "vpc-network-address": {
                    "sensitive": false,
                    "type": "string",
                    "value": "10.200.0.0/16"
                }
            },
            "resources": {
                "aws_vpc.vpc": {
                    "type": "aws_vpc",
                    "depends_on": [],
                    "primary": {
                        "id": "vpc-11434b76",
                        "attributes": {
                            "assign_generated_ipv6_cidr_block": "false",
                            "cidr_block": "10.200.0.0/16",
                            "default_network_acl_id": "acl-ae6ca2c8",
                            "default_route_table_id": "rtb-cc50d1aa",
                            "default_security_group_id": "sg-d45d1baf",
                            "dhcp_options_id": "dopt-b3c11ad4",
                            "enable_classiclink": "false",
                            "enable_dns_hostnames": "true",
                            "enable_dns_support": "true",
                            "id": "vpc-11434b76",
                            "instance_tenancy": "default",
                            "main_route_table_id": "rtb-cc50d1aa",
                            "tags.%": "2",
                            "tags.Name": "VPC-WEST",
                            "tags.Terraform": "true"
                        },
                        "meta": {
                            "schema_version": "1"
                        },
                        "tainted": false
                    },
                    "deposed": [],
                    "provider": ""
                }
            },
            "depends_on": []
        },
        {
            "path": [
                "root",
                "vpc-west-subnets"
            ],
            "outputs": {},
            "resources": {
                "aws_subnet.Priv1.0": {
                    "type": "aws_subnet",
                    "depends_on": [
                        "data.aws_availability_zones.available-azs"
                    ],
                    "primary": {
                        "id": "subnet-29bc994e",
                        "attributes": {
                            "assign_ipv6_address_on_creation": "false",
                            "availability_zone": "us-west-2a",
                            "cidr_block": "10.200.0.0/19",
                            "id": "subnet-29bc994e",
                            "map_public_ip_on_launch": "false",
                            "tags.%": "2",
                            "tags.Name": "Priv1-0",
                            "tags.Terraform": "true",
                            "vpc_id": "vpc-11434b76"
                        },
                        "meta": {
                            "schema_version": "1"
                        },
                        "tainted": false
                    },
                    "deposed": [],
                    "provider": ""
                },
                "aws_subnet.Priv1.1": {
                    "type": "aws_subnet",
                    "depends_on": [
                        "data.aws_availability_zones.available-azs"
                    ],
                    "primary": {
                        "id": "subnet-774c303e",
                        "attributes": {
                            "assign_ipv6_address_on_creation": "false",
                            "availability_zone": "us-west-2b",
                            "cidr_block": "10.200.32.0/19",
                            "id": "subnet-774c303e",
                            "map_public_ip_on_launch": "false",
                            "tags.%": "2",
                            "tags.Name": "Priv1-1",
                            "tags.Terraform": "true",
                            "vpc_id": "vpc-11434b76"
                        },
                        "meta": {
                            "schema_version": "1"
                        },
                        "tainted": false
                    },
                    "deposed": [],
                    "provider": ""
                },
                "aws_subnet.Priv1.2": {
                    "type": "aws_subnet",
                    "depends_on": [
                        "data.aws_availability_zones.available-azs"
                    ],
                    "primary": {
                        "id": "subnet-d7c4078c",
                        "attributes": {
                            "assign_ipv6_address_on_creation": "false",
                            "availability_zone": "us-west-2c",
                            "cidr_block": "10.200.64.0/19",
                            "id": "subnet-d7c4078c",
                            "map_public_ip_on_launch": "false",
                            "tags.%": "2",
                            "tags.Name": "Priv1-2",
                            "tags.Terraform": "true",
                            "vpc_id": "vpc-11434b76"
                        },
                        "meta": {
                            "schema_version": "1"
                        },
                        "tainted": false
                    },
                    "deposed": [],
                    "provider": ""
                },
                "aws_subnet.Priv2.0": {
                    "type": "aws_subnet",
                    "depends_on": [
                        "data.aws_availability_zones.available-azs"
                    ],
                    "primary": {
                        "id": "subnet-86b297e1",
                        "attributes": {
                            "assign_ipv6_address_on_creation": "false",
                            "availability_zone": "us-west-2a",
                            "cidr_block": "10.200.192.0/21",
                            "id": "subnet-86b297e1",
                            "map_public_ip_on_launch": "false",
                            "tags.%": "2",
                            "tags.Name": "Priv2-0",
                            "tags.Terraform": "true",
                            "vpc_id": "vpc-11434b76"
                        },
                        "meta": {
                            "schema_version": "1"
                        },
                        "tainted": false
                    },
                    "deposed": [],
                    "provider": ""
                },
                "aws_subnet.Priv2.1": {
                    "type": "aws_subnet",
                    "depends_on": [
                        "data.aws_availability_zones.available-azs"
                    ],
                    "primary": {
                        "id": "subnet-36532f7f",
                        "attributes": {
                            "assign_ipv6_address_on_creation": "false",
                            "availability_zone": "us-west-2b",
                            "cidr_block": "10.200.200.0/21",
                            "id": "subnet-36532f7f",
                            "map_public_ip_on_launch": "false",
                            "tags.%": "2",
                            "tags.Name": "Priv2-1",
                            "tags.Terraform": "true",
                            "vpc_id": "vpc-11434b76"
                        },
                        "meta": {
                            "schema_version": "1"
                        },
                        "tainted": false
                    },
                    "deposed": [],
                    "provider": ""
                },
                "aws_subnet.Priv2.2": {
                    "type": "aws_subnet",
                    "depends_on": [
                        "data.aws_availability_zones.available-azs"
                    ],
                    "primary": {
                        "id": "subnet-fccb08a7",
                        "attributes": {
                            "assign_ipv6_address_on_creation": "false",
                            "availability_zone": "us-west-2c",
                            "cidr_block": "10.200.208.0/21",
                            "id": "subnet-fccb08a7",
                            "map_public_ip_on_launch": "false",
                            "tags.%": "2",
                            "tags.Name": "Priv2-2",
                            "tags.Terraform": "true",
                            "vpc_id": "vpc-11434b76"
                        },
                        "meta": {
                            "schema_version": "1"
                        },
                        "tainted": false
                    },
                    "deposed": [],
                    "provider": ""
                },
                "aws_subnet.Pub.0": {
                    "type": "aws_subnet",
                    "depends_on": [
                        "data.aws_availability_zones.available-azs"
                    ],
                    "primary": {
                        "id": "subnet-13b19474",
                        "attributes": {
                            "assign_ipv6_address_on_creation": "false",
                            "availability_zone": "us-west-2a",
                            "cidr_block": "10.200.128.0/20",
                            "id": "subnet-13b19474",
                            "map_public_ip_on_launch": "true",
                            "tags.%": "2",
                            "tags.Name": "Pub-0",
                            "tags.Terraform": "true",
                            "vpc_id": "vpc-11434b76"
                        },
                        "meta": {
                            "schema_version": "1"
                        },
                        "tainted": false
                    },
                    "deposed": [],
                    "provider": ""
                },
                "aws_subnet.Pub.1": {
                    "type": "aws_subnet",
                    "depends_on": [
                        "data.aws_availability_zones.available-azs"
                    ],
                    "primary": {
                        "id": "subnet-b2512dfb",
                        "attributes": {
                            "assign_ipv6_address_on_creation": "false",
                            "availability_zone": "us-west-2b",
                            "cidr_block": "10.200.144.0/20",
                            "id": "subnet-b2512dfb",
                            "map_public_ip_on_launch": "true",
                            "tags.%": "2",
                            "tags.Name": "Pub-1",
                            "tags.Terraform": "true",
                            "vpc_id": "vpc-11434b76"
                        },
                        "meta": {
                            "schema_version": "1"
                        },
                        "tainted": false
                    },
                    "deposed": [],
                    "provider": ""
                },
                "aws_subnet.Pub.2": {
                    "type": "aws_subnet",
                    "depends_on": [
                        "data.aws_availability_zones.available-azs"
                    ],
                    "primary": {
                        "id": "subnet-cbc90a90",
                        "attributes": {
                            "assign_ipv6_address_on_creation": "false",
                            "availability_zone": "us-west-2c",
                            "cidr_block": "10.200.160.0/20",
                            "id": "subnet-cbc90a90",
                            "map_public_ip_on_launch": "true",
                            "tags.%": "2",
                            "tags.Name": "Pub-2",
                            "tags.Terraform": "true",
                            "vpc_id": "vpc-11434b76"
                        },
                        "meta": {
                            "schema_version": "1"
                        },
                        "tainted": false
                    },
                    "deposed": [],
                    "provider": ""
                },
                "data.aws_availability_zones.available-azs": {
                    "type": "aws_availability_zones",
                    "depends_on": [],
                    "primary": {
                        "id": "2017-05-19 16:16:38.343426745 +0000 UTC",
                        "attributes": {
                            "id": "2017-05-19 16:16:38.343426745 +0000 UTC",
                            "names.#": "3",
                            "names.0": "us-west-2a",
                            "names.1": "us-west-2b",
                            "names.2": "us-west-2c"
                        },
                        "meta": {},
                        "tainted": false
                    },
                    "deposed": [],
                    "provider": ""
                }
            },
            "depends_on": []
        }
    ]
}
